// !$*UTF8*$!
{
	archiveVersion = 1;
	classes = {
	};
	objectVersion = 50;
	objects = {

/* Begin PBXBuildFile section */
		BE4F85F8269A089E00997B73 /* CustomTextField.swift in Sources */ = {isa = PBXBuildFile; fileRef = BE4F85F7269A089E00997B73 /* CustomTextField.swift */; };
		BE4F85FA269A097800997B73 /* CustomButton.swift in Sources */ = {isa = PBXBuildFile; fileRef = BE4F85F9269A097800997B73 /* CustomButton.swift */; };
		BE4F85FC269A09D000997B73 /* Colors.swift in Sources */ = {isa = PBXBuildFile; fileRef = BE4F85FB269A09D000997B73 /* Colors.swift */; };
		BE4F85FE269A0A3600997B73 /* Colors.xcassets in Resources */ = {isa = PBXBuildFile; fileRef = BE4F85FD269A0A3600997B73 /* Colors.xcassets */; };
		BE4F8601269A0E0A00997B73 /* UdacityClient.swift in Sources */ = {isa = PBXBuildFile; fileRef = BE4F8600269A0E0A00997B73 /* UdacityClient.swift */; };
		BEC003B62698D1D30050C836 /* AppDelegate.swift in Sources */ = {isa = PBXBuildFile; fileRef = BEC003B52698D1D30050C836 /* AppDelegate.swift */; };
		BEC003B82698D1D30050C836 /* SceneDelegate.swift in Sources */ = {isa = PBXBuildFile; fileRef = BEC003B72698D1D30050C836 /* SceneDelegate.swift */; };
		BEC003BA2698D1D30050C836 /* LoginViewController.swift in Sources */ = {isa = PBXBuildFile; fileRef = BEC003B92698D1D30050C836 /* LoginViewController.swift */; };
		BEC003BD2698D1D30050C836 /* Main.storyboard in Resources */ = {isa = PBXBuildFile; fileRef = BEC003BB2698D1D30050C836 /* Main.storyboard */; };
		BEC003BF2698D1D40050C836 /* Assets.xcassets in Resources */ = {isa = PBXBuildFile; fileRef = BEC003BE2698D1D40050C836 /* Assets.xcassets */; };
		BEC003C22698D1D40050C836 /* LaunchScreen.storyboard in Resources */ = {isa = PBXBuildFile; fileRef = BEC003C02698D1D40050C836 /* LaunchScreen.storyboard */; };
/* End PBXBuildFile section */

/* Begin PBXFileReference section */
		BE4F85F7269A089E00997B73 /* CustomTextField.swift */ = {isa = PBXFileReference; lastKnownFileType = sourcecode.swift; path = CustomTextField.swift; sourceTree = "<group>"; };
		BE4F85F9269A097800997B73 /* CustomButton.swift */ = {isa = PBXFileReference; lastKnownFileType = sourcecode.swift; path = CustomButton.swift; sourceTree = "<group>"; };
		BE4F85FB269A09D000997B73 /* Colors.swift */ = {isa = PBXFileReference; lastKnownFileType = sourcecode.swift; path = Colors.swift; sourceTree = "<group>"; };
		BE4F85FD269A0A3600997B73 /* Colors.xcassets */ = {isa = PBXFileReference; lastKnownFileType = folder.assetcatalog; path = Colors.xcassets; sourceTree = "<group>"; };
		BE4F8600269A0E0A00997B73 /* UdacityClient.swift */ = {isa = PBXFileReference; lastKnownFileType = sourcecode.swift; path = UdacityClient.swift; sourceTree = "<group>"; };
		BEC003B22698D1D30050C836 /* On the Map.app */ = {isa = PBXFileReference; explicitFileType = wrapper.application; includeInIndex = 0; path = "On the Map.app"; sourceTree = BUILT_PRODUCTS_DIR; };
		BEC003B52698D1D30050C836 /* AppDelegate.swift */ = {isa = PBXFileReference; lastKnownFileType = sourcecode.swift; path = AppDelegate.swift; sourceTree = "<group>"; };
		BEC003B72698D1D30050C836 /* SceneDelegate.swift */ = {isa = PBXFileReference; lastKnownFileType = sourcecode.swift; path = SceneDelegate.swift; sourceTree = "<group>"; };
		BEC003B92698D1D30050C836 /* LoginViewController.swift */ = {isa = PBXFileReference; lastKnownFileType = sourcecode.swift; path = LoginViewController.swift; sourceTree = "<group>"; };
		BEC003BC2698D1D30050C836 /* Base */ = {isa = PBXFileReference; lastKnownFileType = file.storyboard; name = Base; path = Base.lproj/Main.storyboard; sourceTree = "<group>"; };
		BEC003BE2698D1D40050C836 /* Assets.xcassets */ = {isa = PBXFileReference; lastKnownFileType = folder.assetcatalog; path = Assets.xcassets; sourceTree = "<group>"; };
		BEC003C12698D1D40050C836 /* Base */ = {isa = PBXFileReference; lastKnownFileType = file.storyboard; name = Base; path = Base.lproj/LaunchScreen.storyboard; sourceTree = "<group>"; };
		BEC003C32698D1D40050C836 /* Info.plist */ = {isa = PBXFileReference; lastKnownFileType = text.plist.xml; path = Info.plist; sourceTree = "<group>"; };
/* End PBXFileReference section */

/* Begin PBXFrameworksBuildPhase section */
		BEC003AF2698D1D30050C836 /* Frameworks */ = {
			isa = PBXFrameworksBuildPhase;
			buildActionMask = 2147483647;
			files = (
			);
			runOnlyForDeploymentPostprocessing = 0;
		};
/* End PBXFrameworksBuildPhase section */

/* Begin PBXGroup section */
		BE4F85F6269A085800997B73 /* Views */ = {
			isa = PBXGroup;
			children = (
				BE4F85FB269A09D000997B73 /* Colors.swift */,
				BE4F85F7269A089E00997B73 /* CustomTextField.swift */,
				BE4F85F9269A097800997B73 /* CustomButton.swift */,
			);
			path = Views;
			sourceTree = "<group>";
		};
		BE4F85FF269A0DED00997B73 /* Models */ = {
			isa = PBXGroup;
			children = (
				BE4F8600269A0E0A00997B73 /* UdacityClient.swift */,
			);
			path = Models;
			sourceTree = "<group>";
		};
		BEC003A92698D1D30050C836 = {
			isa = PBXGroup;
			children = (
				BEC003B42698D1D30050C836 /* On the Map */,
				BEC003B32698D1D30050C836 /* Products */,
			);
			sourceTree = "<group>";
		};
		BEC003B32698D1D30050C836 /* Products */ = {
			isa = PBXGroup;
			children = (
				BEC003B22698D1D30050C836 /* On the Map.app */,
			);
			name = Products;
			sourceTree = "<group>";
		};
		BEC003B42698D1D30050C836 /* On the Map */ = {
			isa = PBXGroup;
			children = (
				BEC003C32698D1D40050C836 /* Info.plist */,
				BEC003B52698D1D30050C836 /* AppDelegate.swift */,
				BEC003B72698D1D30050C836 /* SceneDelegate.swift */,
				BE4F85FF269A0DED00997B73 /* Models */,
				BEC003C92698D1FB0050C836 /* Controllers */,
				BE4F85F6269A085800997B73 /* Views */,
				BEC003CA2698D2250050C836 /* Assets */,
			);
			path = "On the Map";
			sourceTree = "<group>";
		};
		BEC003C92698D1FB0050C836 /* Controllers */ = {
			isa = PBXGroup;
			children = (
				BEC003B92698D1D30050C836 /* LoginViewController.swift */,
			);
			path = Controllers;
			sourceTree = "<group>";
		};
		BEC003CA2698D2250050C836 /* Assets */ = {
			isa = PBXGroup;
			children = (
				BEC003BB2698D1D30050C836 /* Main.storyboard */,
				BEC003BE2698D1D40050C836 /* Assets.xcassets */,
				BEC003C02698D1D40050C836 /* LaunchScreen.storyboard */,
				BE4F85FD269A0A3600997B73 /* Colors.xcassets */,
			);
			path = Assets;
			sourceTree = "<group>";
		};
/* End PBXGroup section */

/* Begin PBXNativeTarget section */
		BEC003B12698D1D30050C836 /* On the Map */ = {
			isa = PBXNativeTarget;
			buildConfigurationList = BEC003C62698D1D40050C836 /* Build configuration list for PBXNativeTarget "On the Map" */;
			buildPhases = (
				BEC003AE2698D1D30050C836 /* Sources */,
				BEC003AF2698D1D30050C836 /* Frameworks */,
				BEC003B02698D1D30050C836 /* Resources */,
			);
			buildRules = (
			);
			dependencies = (
			);
			name = "On the Map";
			productName = "On the Map";
			productReference = BEC003B22698D1D30050C836 /* On the Map.app */;
			productType = "com.apple.product-type.application";
		};
/* End PBXNativeTarget section */

/* Begin PBXProject section */
		BEC003AA2698D1D30050C836 /* Project object */ = {
			isa = PBXProject;
			attributes = {
				LastSwiftUpdateCheck = 1250;
				LastUpgradeCheck = 1250;
				TargetAttributes = {
					BEC003B12698D1D30050C836 = {
						CreatedOnToolsVersion = 12.5.1;
					};
				};
			};
			buildConfigurationList = BEC003AD2698D1D30050C836 /* Build configuration list for PBXProject "On the Map" */;
			compatibilityVersion = "Xcode 9.3";
			developmentRegion = en;
			hasScannedForEncodings = 0;
			knownRegions = (
				en,
				Base,
			);
			mainGroup = BEC003A92698D1D30050C836;
			productRefGroup = BEC003B32698D1D30050C836 /* Products */;
			projectDirPath = "";
			projectRoot = "";
			targets = (
				BEC003B12698D1D30050C836 /* On the Map */,
			);
		};
/* End PBXProject section */

/* Begin PBXResourcesBuildPhase section */
		BEC003B02698D1D30050C836 /* Resources */ = {
			isa = PBXResourcesBuildPhase;
			buildActionMask = 2147483647;
			files = (
				BEC003C22698D1D40050C836 /* LaunchScreen.storyboard in Resources */,
				BE4F85FE269A0A3600997B73 /* Colors.xcassets in Resources */,
				BEC003BF2698D1D40050C836 /* Assets.xcassets in Resources */,
				BEC003BD2698D1D30050C836 /* Main.storyboard in Resources */,
			);
			runOnlyForDeploymentPostprocessing = 0;
		};
/* End PBXResourcesBuildPhase section */

/* Begin PBXSourcesBuildPhase section */
		BEC003AE2698D1D30050C836 /* Sources */ = {
			isa = PBXSourcesBuildPhase;
			buildActionMask = 2147483647;
			files = (
				BE4F85F8269A089E00997B73 /* CustomTextField.swift in Sources */,
				BE4F85FC269A09D000997B73 /* Colors.swift in Sources */,
				BEC003BA2698D1D30050C836 /* LoginViewController.swift in Sources */,
				BEC003B62698D1D30050C836 /* AppDelegate.swift in Sources */,
				BEC003B82698D1D30050C836 /* SceneDelegate.swift in Sources */,
				BE4F8601269A0E0A00997B73 /* UdacityClient.swift in Sources */,
				BE4F85FA269A097800997B73 /* CustomButton.swift in Sources */,
			);
			runOnlyForDeploymentPostprocessing = 0;
		};
/* End PBXSourcesBuildPhase section */

/* Begin PBXVariantGroup section */
		BEC003BB2698D1D30050C836 /* Main.storyboard */ = {
			isa = PBXVariantGroup;
			children = (
				BEC003BC2698D1D30050C836 /* Base */,
			);
			name = Main.storyboard;
			sourceTree = "<group>";
		};
		BEC003C02698D1D40050C836 /* LaunchScreen.storyboard */ = {
			isa = PBXVariantGroup;
			children = (
				BEC003C12698D1D40050C836 /* Base */,
			);
			name = LaunchScreen.storyboard;
			sourceTree = "<group>";
		};
/* End PBXVariantGroup section */

/* Begin XCBuildConfiguration section */
		BEC003C42698D1D40050C836 /* Debug */ = {
			isa = XCBuildConfiguration;
			buildSettings = {
				ALWAYS_SEARCH_USER_PATHS = NO;
				CLANG_ANALYZER_NONNULL = YES;
				CLANG_ANALYZER_NUMBER_OBJECT_CONVERSION = YES_AGGRESSIVE;
				CLANG_CXX_LANGUAGE_STANDARD = "gnu++14";
				CLANG_CXX_LIBRARY = "libc++";
				CLANG_ENABLE_MODULES = YES;
				CLANG_ENABLE_OBJC_ARC = YES;
				CLANG_ENABLE_OBJC_WEAK = YES;
				CLANG_WARN_BLOCK_CAPTURE_AUTORELEASING = YES;
				CLANG_WARN_BOOL_CONVERSION = YES;
				CLANG_WARN_COMMA = YES;
				CLANG_WARN_CONSTANT_CONVERSION = YES;
				CLANG_WARN_DEPRECATED_OBJC_IMPLEMENTATIONS = YES;
				CLANG_WARN_DIRECT_OBJC_ISA_USAGE = YES_ERROR;
				CLANG_WARN_DOCUMENTATION_COMMENTS = YES;
				CLANG_WARN_EMPTY_BODY = YES;
				CLANG_WARN_ENUM_CONVERSION = YES;
				CLANG_WARN_INFINITE_RECURSION = YES;
				CLANG_WARN_INT_CONVERSION = YES;
				CLANG_WARN_NON_LITERAL_NULL_CONVERSION = YES;
				CLANG_WARN_OBJC_IMPLICIT_RETAIN_SELF = YES;
				CLANG_WARN_OBJC_LITERAL_CONVERSION = YES;
				CLANG_WARN_OBJC_ROOT_CLASS = YES_ERROR;
				CLANG_WARN_QUOTED_INCLUDE_IN_FRAMEWORK_HEADER = YES;
				CLANG_WARN_RANGE_LOOP_ANALYSIS = YES;
				CLANG_WARN_STRICT_PROTOTYPES = YES;
				CLANG_WARN_SUSPICIOUS_MOVE = YES;
				CLANG_WARN_UNGUARDED_AVAILABILITY = YES_AGGRESSIVE;
				CLANG_WARN_UNREACHABLE_CODE = YES;
				CLANG_WARN__DUPLICATE_METHOD_MATCH = YES;
				COPY_PHASE_STRIP = NO;
				DEBUG_INFORMATION_FORMAT = dwarf;
				ENABLE_STRICT_OBJC_MSGSEND = YES;
				ENABLE_TESTABILITY = YES;
				GCC_C_LANGUAGE_STANDARD = gnu11;
				GCC_DYNAMIC_NO_PIC = NO;
				GCC_NO_COMMON_BLOCKS = YES;
				GCC_OPTIMIZATION_LEVEL = 0;
				GCC_PREPROCESSOR_DEFINITIONS = (
					"DEBUG=1",
					"$(inherited)",
				);
				GCC_WARN_64_TO_32_BIT_CONVERSION = YES;
				GCC_WARN_ABOUT_RETURN_TYPE = YES_ERROR;
				GCC_WARN_UNDECLARED_SELECTOR = YES;
				GCC_WARN_UNINITIALIZED_AUTOS = YES_AGGRESSIVE;
				GCC_WARN_UNUSED_FUNCTION = YES;
				GCC_WARN_UNUSED_VARIABLE = YES;
				IPHONEOS_DEPLOYMENT_TARGET = 14.5;
				MTL_ENABLE_DEBUG_INFO = INCLUDE_SOURCE;
				MTL_FAST_MATH = YES;
				ONLY_ACTIVE_ARCH = YES;
				SDKROOT = iphoneos;
				SWIFT_ACTIVE_COMPILATION_CONDITIONS = DEBUG;
				SWIFT_OPTIMIZATION_LEVEL = "-Onone";
			};
			name = Debug;
		};
		BEC003C52698D1D40050C836 /* Release */ = {
			isa = XCBuildConfiguration;
			buildSettings = {
				ALWAYS_SEARCH_USER_PATHS = NO;
				CLANG_ANALYZER_NONNULL = YES;
				CLANG_ANALYZER_NUMBER_OBJECT_CONVERSION = YES_AGGRESSIVE;
				CLANG_CXX_LANGUAGE_STANDARD = "gnu++14";
				CLANG_CXX_LIBRARY = "libc++";
				CLANG_ENABLE_MODULES = YES;
				CLANG_ENABLE_OBJC_ARC = YES;
				CLANG_ENABLE_OBJC_WEAK = YES;
				CLANG_WARN_BLOCK_CAPTURE_AUTORELEASING = YES;
				CLANG_WARN_BOOL_CONVERSION = YES;
				CLANG_WARN_COMMA = YES;
				CLANG_WARN_CONSTANT_CONVERSION = YES;
				CLANG_WARN_DEPRECATED_OBJC_IMPLEMENTATIONS = YES;
				CLANG_WARN_DIRECT_OBJC_ISA_USAGE = YES_ERROR;
				CLANG_WARN_DOCUMENTATION_COMMENTS = YES;
				CLANG_WARN_EMPTY_BODY = YES;
				CLANG_WARN_ENUM_CONVERSION = YES;
				CLANG_WARN_INFINITE_RECURSION = YES;
				CLANG_WARN_INT_CONVERSION = YES;
				CLANG_WARN_NON_LITERAL_NULL_CONVERSION = YES;
				CLANG_WARN_OBJC_IMPLICIT_RETAIN_SELF = YES;
				CLANG_WARN_OBJC_LITERAL_CONVERSION = YES;
				CLANG_WARN_OBJC_ROOT_CLASS = YES_ERROR;
				CLANG_WARN_QUOTED_INCLUDE_IN_FRAMEWORK_HEADER = YES;
				CLANG_WARN_RANGE_LOOP_ANALYSIS = YES;
				CLANG_WARN_STRICT_PROTOTYPES = YES;
				CLANG_WARN_SUSPICIOUS_MOVE = YES;
				CLANG_WARN_UNGUARDED_AVAILABILITY = YES_AGGRESSIVE;
				CLANG_WARN_UNREACHABLE_CODE = YES;
				CLANG_WARN__DUPLICATE_METHOD_MATCH = YES;
				COPY_PHASE_STRIP = NO;
				DEBUG_INFORMATION_FORMAT = "dwarf-with-dsym";
				ENABLE_NS_ASSERTIONS = NO;
				ENABLE_STRICT_OBJC_MSGSEND = YES;
				GCC_C_LANGUAGE_STANDARD = gnu11;
				GCC_NO_COMMON_BLOCKS = YES;
				GCC_WARN_64_TO_32_BIT_CONVERSION = YES;
				GCC_WARN_ABOUT_RETURN_TYPE = YES_ERROR;
				GCC_WARN_UNDECLARED_SELECTOR = YES;
				GCC_WARN_UNINITIALIZED_AUTOS = YES_AGGRESSIVE;
				GCC_WARN_UNUSED_FUNCTION = YES;
				GCC_WARN_UNUSED_VARIABLE = YES;
				IPHONEOS_DEPLOYMENT_TARGET = 14.5;
				MTL_ENABLE_DEBUG_INFO = NO;
				MTL_FAST_MATH = YES;
				SDKROOT = iphoneos;
				SWIFT_COMPILATION_MODE = wholemodule;
				SWIFT_OPTIMIZATION_LEVEL = "-O";
				VALIDATE_PRODUCT = YES;
			};
			name = Release;
		};
		BEC003C72698D1D40050C836 /* Debug */ = {
			isa = XCBuildConfiguration;
			buildSettings = {
				ASSETCATALOG_COMPILER_APPICON_NAME = AppIcon;
				ASSETCATALOG_COMPILER_GLOBAL_ACCENT_COLOR_NAME = AccentColor;
				CODE_SIGN_STYLE = Automatic;
				DEVELOPMENT_TEAM = 7PW8WHRZ6Q;
				INFOPLIST_FILE = "On the Map/Info.plist";
				LD_RUNPATH_SEARCH_PATHS = (
					"$(inherited)",
					"@executable_path/Frameworks",
				);
				PRODUCT_BUNDLE_IDENTIFIER = "cyberhoodie.On-the-Map";
				PRODUCT_NAME = "$(TARGET_NAME)";
				SWIFT_VERSION = 5.0;
				TARGETED_DEVICE_FAMILY = "1,2";
			};
			name = Debug;
		};
		BEC003C82698D1D40050C836 /* Release */ = {
			isa = XCBuildConfiguration;
			buildSettings = {
				ASSETCATALOG_COMPILER_APPICON_NAME = AppIcon;
				ASSETCATALOG_COMPILER_GLOBAL_ACCENT_COLOR_NAME = AccentColor;
				CODE_SIGN_STYLE = Automatic;
				DEVELOPMENT_TEAM = 7PW8WHRZ6Q;
				INFOPLIST_FILE = "On the Map/Info.plist";
				LD_RUNPATH_SEARCH_PATHS = (
					"$(inherited)",
					"@executable_path/Frameworks",
				);
				PRODUCT_BUNDLE_IDENTIFIER = "cyberhoodie.On-the-Map";
				PRODUCT_NAME = "$(TARGET_NAME)";
				SWIFT_VERSION = 5.0;
				TARGETED_DEVICE_FAMILY = "1,2";
			};
			name = Release;
		};
/* End XCBuildConfiguration section */

/* Begin XCConfigurationList section */
		BEC003AD2698D1D30050C836 /* Build configuration list for PBXProject "On the Map" */ = {
			isa = XCConfigurationList;
			buildConfigurations = (
				BEC003C42698D1D40050C836 /* Debug */,
				BEC003C52698D1D40050C836 /* Release */,
			);
			defaultConfigurationIsVisible = 0;
			defaultConfigurationName = Release;
		};
		BEC003C62698D1D40050C836 /* Build configuration list for PBXNativeTarget "On the Map" */ = {
			isa = XCConfigurationList;
			buildConfigurations = (
				BEC003C72698D1D40050C836 /* Debug */,
				BEC003C82698D1D40050C836 /* Release */,
			);
			defaultConfigurationIsVisible = 0;
			defaultConfigurationName = Release;
		};
/* End XCConfigurationList section */
	};
	rootObject = BEC003AA2698D1D30050C836 /* Project object */;
}
